// !$*UTF8*$!
{
	archiveVersion = 1;
	classes = {
	};
	objectVersion = 46;
	objects = {

/* Begin PBXBuildFile section */
		1BE2492A1C71AD2F00A4E476 /* AppDelegate.swift in Sources */ = {isa = PBXBuildFile; fileRef = 1BE249291C71AD2F00A4E476 /* AppDelegate.swift */; };
		1BE2492C1C71AD2F00A4E476 /* ViewController.swift in Sources */ = {isa = PBXBuildFile; fileRef = 1BE2492B1C71AD2F00A4E476 /* ViewController.swift */; };
		1BE2492F1C71AD2F00A4E476 /* Main.storyboard in Resources */ = {isa = PBXBuildFile; fileRef = 1BE2492D1C71AD2F00A4E476 /* Main.storyboard */; };
		1BE249311C71AD2F00A4E476 /* Assets.xcassets in Resources */ = {isa = PBXBuildFile; fileRef = 1BE249301C71AD2F00A4E476 /* Assets.xcassets */; };
/* End PBXBuildFile section */

/* Begin PBXFileReference section */
		1BE249261C71AD2F00A4E476 /* AlertMayham.app */ = {isa = PBXFileReference; explicitFileType = wrapper.application; includeInIndex = 0; path = AlertMayham.app; sourceTree = BUILT_PRODUCTS_DIR; };
		1BE249291C71AD2F00A4E476 /* AppDelegate.swift */ = {isa = PBXFileReference; lastKnownFileType = sourcecode.swift; path = AppDelegate.swift; sourceTree = "<group>"; };
		1BE2492B1C71AD2F00A4E476 /* ViewController.swift */ = {isa = PBXFileReference; lastKnownFileType = sourcecode.swift; path = ViewController.swift; sourceTree = "<group>"; };
		1BE2492E1C71AD2F00A4E476 /* Base */ = {isa = PBXFileReference; lastKnownFileType = file.storyboard; name = Base; path = Base.lproj/Main.storyboard; sourceTree = "<group>"; };
		1BE249301C71AD2F00A4E476 /* Assets.xcassets */ = {isa = PBXFileReference; lastKnownFileType = folder.assetcatalog; path = Assets.xcassets; sourceTree = "<group>"; };
		1BE249321C71AD2F00A4E476 /* Info.plist */ = {isa = PBXFileReference; lastKnownFileType = text.plist.xml; path = Info.plist; sourceTree = "<group>"; };
/* End PBXFileReference section */

/* Begin PBXFrameworksBuildPhase section */
		1BE249231C71AD2F00A4E476 /* Frameworks */ = {
			isa = PBXFrameworksBuildPhase;
			buildActionMask = 2147483647;
			files = (
			);
			runOnlyForDeploymentPostprocessing = 0;
		};
/* End PBXFrameworksBuildPhase section */

/* Begin PBXGroup section */
		1BE2491D1C71AD2E00A4E476 = {
			isa = PBXGroup;
			children = (
				1BE249281C71AD2F00A4E476 /* AlertMayham */,
				1BE249271C71AD2F00A4E476 /* Products */,
			);
			sourceTree = "<group>";
		};
		1BE249271C71AD2F00A4E476 /* Products */ = {
			isa = PBXGroup;
			children = (
				1BE249261C71AD2F00A4E476 /* AlertMayham.app */,
			);
			name = Products;
			sourceTree = "<group>";
		};
		1BE249281C71AD2F00A4E476 /* AlertMayham */ = {
			isa = PBXGroup;
			children = (
				1BE249291C71AD2F00A4E476 /* AppDelegate.swift */,
				1BE2492B1C71AD2F00A4E476 /* ViewController.swift */,
				1BE2492D1C71AD2F00A4E476 /* Main.storyboard */,
				1BE249301C71AD2F00A4E476 /* Assets.xcassets */,
				1BE249321C71AD2F00A4E476 /* Info.plist */,
			);
			path = AlertMayham;
			sourceTree = "<group>";
		};
/* End PBXGroup section */

/* Begin PBXNativeTarget section */
		1BE249251C71AD2F00A4E476 /* AlertMayham */ = {
			isa = PBXNativeTarget;
			buildConfigurationList = 1BE249351C71AD2F00A4E476 /* Build configuration list for PBXNativeTarget "AlertMayham" */;
			buildPhases = (
				1BE249221C71AD2F00A4E476 /* Sources */,
				1BE249231C71AD2F00A4E476 /* Frameworks */,
				1BE249241C71AD2F00A4E476 /* Resources */,
			);
			buildRules = (
			);
			dependencies = (
			);
			name = AlertMayham;
			productName = AlertMayham;
			productReference = 1BE249261C71AD2F00A4E476 /* AlertMayham.app */;
			productType = "com.apple.product-type.application";
		};
/* End PBXNativeTarget section */

/* Begin PBXProject section */
		1BE2491E1C71AD2E00A4E476 /* Project object */ = {
			isa = PBXProject;
			attributes = {
				LastSwiftUpdateCheck = 0720;
				LastUpgradeCheck = 0720;
				ORGANIZATIONNAME = "redeye-dev";
				TargetAttributes = {
					1BE249251C71AD2F00A4E476 = {
						CreatedOnToolsVersion = 7.2.1;
					};
				};
			};
			buildConfigurationList = 1BE249211C71AD2E00A4E476 /* Build configuration list for PBXProject "AlertMayham" */;
			compatibilityVersion = "Xcode 3.2";
			developmentRegion = English;
			hasScannedForEncodings = 0;
			knownRegions = (
				en,
				Base,
			);
			mainGroup = 1BE2491D1C71AD2E00A4E476;
			productRefGroup = 1BE249271C71AD2F00A4E476 /* Products */;
			projectDirPath = "";
			projectRoot = "";
			targets = (
				1BE249251C71AD2F00A4E476 /* AlertMayham */,
			);
		};
/* End PBXProject section */

/* Begin PBXResourcesBuildPhase section */
		1BE249241C71AD2F00A4E476 /* Resources */ = {
			isa = PBXResourcesBuildPhase;
			buildActionMask = 2147483647;
			files = (
				1BE249311C71AD2F00A4E476 /* Assets.xcassets in Resources */,
				1BE2492F1C71AD2F00A4E476 /* Main.storyboard in Resources */,
			);
			runOnlyForDeploymentPostprocessing = 0;
		};
/* End PBXResourcesBuildPhase section */

/* Begin PBXSourcesBuildPhase section */
		1BE249221C71AD2F00A4E476 /* Sources */ = {
			isa = PBXSourcesBuildPhase;
			buildActionMask = 2147483647;
			files = (
				1BE2492C1C71AD2F00A4E476 /* ViewController.swift in Sources */,
				1BE2492A1C71AD2F00A4E476 /* AppDelegate.swift in Sources */,
			);
			runOnlyForDeploymentPostprocessing = 0;
		};
/* End PBXSourcesBuildPhase section */

/* Begin PBXVariantGroup section */
		1BE2492D1C71AD2F00A4E476 /* Main.storyboard */ = {
			isa = PBXVariantGroup;
			children = (
				1BE2492E1C71AD2F00A4E476 /* Base */,
			);
			name = Main.storyboard;
			sourceTree = "<group>";
		};
/* End PBXVariantGroup section */

/* Begin XCBuildConfiguration section */
		1BE249331C71AD2F00A4E476 /* Debug */ = {
			isa = XCBuildConfiguration;
			buildSettings = {
				ALWAYS_SEARCH_USER_PATHS = NO;
				CLANG_CXX_LANGUAGE_STANDARD = "gnu++0x";
				CLANG_CXX_LIBRARY = "libc++";
				CLANG_ENABLE_MODULES = YES;
				CLANG_ENABLE_OBJC_ARC = YES;
				CLANG_WARN_BOOL_CONVERSION = YES;
				CLANG_WARN_CONSTANT_CONVERSION = YES;
				CLANG_WARN_DIRECT_OBJC_ISA_USAGE = YES_ERROR;
				CLANG_WARN_EMPTY_BODY = YES;
				CLANG_WARN_ENUM_CONVERSION = YES;
				CLANG_WARN_INT_CONVERSION = YES;
				CLANG_WARN_OBJC_ROOT_CLASS = YES_ERROR;
				CLANG_WARN_UNREACHABLE_CODE = YES;
				CLANG_WARN__DUPLICATE_METHOD_MATCH = YES;
				COPY_PHASE_STRIP = NO;
				DEBUG_INFORMATION_FORMAT = dwarf;
				ENABLE_STRICT_OBJC_MSGSEND = YES;
				ENABLE_TESTABILITY = YES;
				GCC_C_LANGUAGE_STANDARD = gnu99;
				GCC_DYNAMIC_NO_PIC = NO;
				GCC_NO_COMMON_BLOCKS = YES;
				GCC_OPTIMIZATION_LEVEL = 0;
				GCC_PREPROCESSOR_DEFINITIONS = (
					"DEBUG=1",
					"$(inherited)",
				);
				GCC_WARN_64_TO_32_BIT_CONVERSION = YES;
				GCC_WARN_ABOUT_RETURN_TYPE = YES_ERROR;
				GCC_WARN_UNDECLARED_SELECTOR = YES;
				GCC_WARN_UNINITIALIZED_AUTOS = YES_AGGRESSIVE;
				GCC_WARN_UNUSED_FUNCTION = YES;
				GCC_WARN_UNUSED_VARIABLE = YES;
				MTL_ENABLE_DEBUG_INFO = YES;
				ONLY_ACTIVE_ARCH = YES;
				SDKROOT = appletvos;
				SWIFT_OPTIMIZATION_LEVEL = "-Onone";
				TARGETED_DEVICE_FAMILY = 3;
				TVOS_DEPLOYMENT_TARGET = 9.1;
			};
			name = Debug;
		};
		1BE249341C71AD2F00A4E476 /* Release */ = {
			isa = XCBuildConfiguration;
			buildSettings = {
				ALWAYS_SEARCH_USER_PATHS = NO;
				CLANG_CXX_LANGUAGE_STANDARD = "gnu++0x";
				CLANG_CXX_LIBRARY = "libc++";
				CLANG_ENABLE_MODULES = YES;
				CLANG_ENABLE_OBJC_ARC = YES;
				CLANG_WARN_BOOL_CONVERSION = YES;
				CLANG_WARN_CONSTANT_CONVERSION = YES;
				CLANG_WARN_DIRECT_OBJC_ISA_USAGE = YES_ERROR;
				CLANG_WARN_EMPTY_BODY = YES;
				CLANG_WARN_ENUM_CONVERSION = YES;
				CLANG_WARN_INT_CONVERSION = YES;
				CLANG_WARN_OBJC_ROOT_CLASS = YES_ERROR;
				CLANG_WARN_UNREACHABLE_CODE = YES;
				CLANG_WARN__DUPLICATE_METHOD_MATCH = YES;
				COPY_PHASE_STRIP = NO;
				DEBUG_INFORMATION_FORMAT = "dwarf-with-dsym";
				ENABLE_NS_ASSERTIONS = NO;
				ENABLE_STRICT_OBJC_MSGSEND = YES;
				GCC_C_LANGUAGE_STANDARD = gnu99;
				GCC_NO_COMMON_BLOCKS = YES;
				GCC_WARN_64_TO_32_BIT_CONVERSION = YES;
				GCC_WARN_ABOUT_RETURN_TYPE = YES_ERROR;
				GCC_WARN_UNDECLARED_SELECTOR = YES;
				GCC_WARN_UNINITIALIZED_AUTOS = YES_AGGRESSIVE;
				GCC_WARN_UNUSED_FUNCTION = YES;
				GCC_WARN_UNUSED_VARIABLE = YES;
				MTL_ENABLE_DEBUG_INFO = NO;
				SDKROOT = appletvos;
				TARGETED_DEVICE_FAMILY = 3;
				TVOS_DEPLOYMENT_TARGET = 9.1;
				VALIDATE_PRODUCT = YES;
			};
			name = Release;
		};
		1BE249361C71AD2F00A4E476 /* Debug */ = {
			isa = XCBuildConfiguration;
			buildSettings = {
				ASSETCATALOG_COMPILER_APPICON_NAME = "App Icon & Top Shelf Image";
				ASSETCATALOG_COMPILER_LAUNCHIMAGE_NAME = LaunchImage;
				INFOPLIST_FILE = AlertMayham/Info.plist;
				LD_RUNPATH_SEARCH_PATHS = "$(inherited) @executable_path/Frameworks";
				PRODUCT_BUNDLE_IDENTIFIER = com.toplevel.AlertMayham;
				PRODUCT_NAME = "$(TARGET_NAME)";
			};
			name = Debug;
		};
		1BE249371C71AD2F00A4E476 /* Release */ = {
			isa = XCBuildConfiguration;
			buildSettings = {
				ASSETCATALOG_COMPILER_APPICON_NAME = "App Icon & Top Shelf Image";
				ASSETCATALOG_COMPILER_LAUNCHIMAGE_NAME = LaunchImage;
				INFOPLIST_FILE = AlertMayham/Info.plist;
				LD_RUNPATH_SEARCH_PATHS = "$(inherited) @executable_path/Frameworks";
				PRODUCT_BUNDLE_IDENTIFIER = com.toplevel.AlertMayham;
				PRODUCT_NAME = "$(TARGET_NAME)";
			};
			name = Release;
		};
/* End XCBuildConfiguration section */

/* Begin XCConfigurationList section */
		1BE249211C71AD2E00A4E476 /* Build configuration list for PBXProject "AlertMayham" */ = {
			isa = XCConfigurationList;
			buildConfigurations = (
				1BE249331C71AD2F00A4E476 /* Debug */,
				1BE249341C71AD2F00A4E476 /* Release */,
			);
			defaultConfigurationIsVisible = 0;
			defaultConfigurationName = Release;
		};
		1BE249351C71AD2F00A4E476 /* Build configuration list for PBXNativeTarget "AlertMayham" */ = {
			isa = XCConfigurationList;
			buildConfigurations = (
				1BE249361C71AD2F00A4E476 /* Debug */,
				1BE249371C71AD2F00A4E476 /* Release */,
			);
			defaultConfigurationIsVisible = 0;
		};
/* End XCConfigurationList section */
	};
	rootObject = 1BE2491E1C71AD2E00A4E476 /* Project object */;
}
